// !$*UTF8*$!
{
	archiveVersion = 1;
	classes = {
	};
	objectVersion = 56;
	objects = {

/* Begin PBXBuildFile section */
		379548442CDCD44B00009201 /* MovieSearchCombineSwiftUIApp.swift in Sources */ = {isa = PBXBuildFile; fileRef = 379548432CDCD44B00009201 /* MovieSearchCombineSwiftUIApp.swift */; };
		379548462CDCD44B00009201 /* ContentView.swift in Sources */ = {isa = PBXBuildFile; fileRef = 379548452CDCD44B00009201 /* ContentView.swift */; };
		379548482CDCD44D00009201 /* Assets.xcassets in Resources */ = {isa = PBXBuildFile; fileRef = 379548472CDCD44D00009201 /* Assets.xcassets */; };
		3795484B2CDCD44D00009201 /* Preview Assets.xcassets in Resources */ = {isa = PBXBuildFile; fileRef = 3795484A2CDCD44D00009201 /* Preview Assets.xcassets */; };
		379548552CDCD44D00009201 /* MovieSearchCombineSwiftUITests.swift in Sources */ = {isa = PBXBuildFile; fileRef = 379548542CDCD44D00009201 /* MovieSearchCombineSwiftUITests.swift */; };
		3795485F2CDCD44D00009201 /* MovieSearchCombineSwiftUIUITests.swift in Sources */ = {isa = PBXBuildFile; fileRef = 3795485E2CDCD44D00009201 /* MovieSearchCombineSwiftUIUITests.swift */; };
		379548612CDCD44D00009201 /* MovieSearchCombineSwiftUIUITestsLaunchTests.swift in Sources */ = {isa = PBXBuildFile; fileRef = 379548602CDCD44D00009201 /* MovieSearchCombineSwiftUIUITestsLaunchTests.swift */; };
		3795486F2CDCD4E300009201 /* MovieModel.swift in Sources */ = {isa = PBXBuildFile; fileRef = 3795486E2CDCD4E300009201 /* MovieModel.swift */; };
		379548722CDCD51800009201 /* NetworkManager.swift in Sources */ = {isa = PBXBuildFile; fileRef = 379548712CDCD51800009201 /* NetworkManager.swift */; };
		379548742CDCD76400009201 /* MovieSearchViewModel.swift in Sources */ = {isa = PBXBuildFile; fileRef = 379548732CDCD76400009201 /* MovieSearchViewModel.swift */; };
		379548762CDCD88E00009201 /* MovieDetailView.swift in Sources */ = {isa = PBXBuildFile; fileRef = 379548752CDCD88E00009201 /* MovieDetailView.swift */; };
/* End PBXBuildFile section */

/* Begin PBXContainerItemProxy section */
		379548512CDCD44D00009201 /* PBXContainerItemProxy */ = {
			isa = PBXContainerItemProxy;
			containerPortal = 379548382CDCD44B00009201 /* Project object */;
			proxyType = 1;
			remoteGlobalIDString = 3795483F2CDCD44B00009201;
			remoteInfo = MovieSearchCombineSwiftUI;
		};
		3795485B2CDCD44D00009201 /* PBXContainerItemProxy */ = {
			isa = PBXContainerItemProxy;
			containerPortal = 379548382CDCD44B00009201 /* Project object */;
			proxyType = 1;
			remoteGlobalIDString = 3795483F2CDCD44B00009201;
			remoteInfo = MovieSearchCombineSwiftUI;
		};
/* End PBXContainerItemProxy section */

/* Begin PBXFileReference section */
		379548402CDCD44B00009201 /* MovieSearchCombineSwiftUI.app */ = {isa = PBXFileReference; explicitFileType = wrapper.application; includeInIndex = 0; path = MovieSearchCombineSwiftUI.app; sourceTree = BUILT_PRODUCTS_DIR; };
		379548432CDCD44B00009201 /* MovieSearchCombineSwiftUIApp.swift */ = {isa = PBXFileReference; lastKnownFileType = sourcecode.swift; path = MovieSearchCombineSwiftUIApp.swift; sourceTree = "<group>"; };
		379548452CDCD44B00009201 /* ContentView.swift */ = {isa = PBXFileReference; lastKnownFileType = sourcecode.swift; path = ContentView.swift; sourceTree = "<group>"; };
		379548472CDCD44D00009201 /* Assets.xcassets */ = {isa = PBXFileReference; lastKnownFileType = folder.assetcatalog; path = Assets.xcassets; sourceTree = "<group>"; };
		3795484A2CDCD44D00009201 /* Preview Assets.xcassets */ = {isa = PBXFileReference; lastKnownFileType = folder.assetcatalog; path = "Preview Assets.xcassets"; sourceTree = "<group>"; };
		379548502CDCD44D00009201 /* MovieSearchCombineSwiftUITests.xctest */ = {isa = PBXFileReference; explicitFileType = wrapper.cfbundle; includeInIndex = 0; path = MovieSearchCombineSwiftUITests.xctest; sourceTree = BUILT_PRODUCTS_DIR; };
		379548542CDCD44D00009201 /* MovieSearchCombineSwiftUITests.swift */ = {isa = PBXFileReference; lastKnownFileType = sourcecode.swift; path = MovieSearchCombineSwiftUITests.swift; sourceTree = "<group>"; };
		3795485A2CDCD44D00009201 /* MovieSearchCombineSwiftUIUITests.xctest */ = {isa = PBXFileReference; explicitFileType = wrapper.cfbundle; includeInIndex = 0; path = MovieSearchCombineSwiftUIUITests.xctest; sourceTree = BUILT_PRODUCTS_DIR; };
		3795485E2CDCD44D00009201 /* MovieSearchCombineSwiftUIUITests.swift */ = {isa = PBXFileReference; lastKnownFileType = sourcecode.swift; path = MovieSearchCombineSwiftUIUITests.swift; sourceTree = "<group>"; };
		379548602CDCD44D00009201 /* MovieSearchCombineSwiftUIUITestsLaunchTests.swift */ = {isa = PBXFileReference; lastKnownFileType = sourcecode.swift; path = MovieSearchCombineSwiftUIUITestsLaunchTests.swift; sourceTree = "<group>"; };
		3795486E2CDCD4E300009201 /* MovieModel.swift */ = {isa = PBXFileReference; lastKnownFileType = sourcecode.swift; path = MovieModel.swift; sourceTree = "<group>"; };
		379548712CDCD51800009201 /* NetworkManager.swift */ = {isa = PBXFileReference; lastKnownFileType = sourcecode.swift; path = NetworkManager.swift; sourceTree = "<group>"; };
		379548732CDCD76400009201 /* MovieSearchViewModel.swift */ = {isa = PBXFileReference; lastKnownFileType = sourcecode.swift; path = MovieSearchViewModel.swift; sourceTree = "<group>"; };
		379548752CDCD88E00009201 /* MovieDetailView.swift */ = {isa = PBXFileReference; lastKnownFileType = sourcecode.swift; path = MovieDetailView.swift; sourceTree = "<group>"; };
/* End PBXFileReference section */

/* Begin PBXFrameworksBuildPhase section */
		3795483D2CDCD44B00009201 /* Frameworks */ = {
			isa = PBXFrameworksBuildPhase;
			buildActionMask = 2147483647;
			files = (
			);
			runOnlyForDeploymentPostprocessing = 0;
		};
		3795484D2CDCD44D00009201 /* Frameworks */ = {
			isa = PBXFrameworksBuildPhase;
			buildActionMask = 2147483647;
			files = (
			);
			runOnlyForDeploymentPostprocessing = 0;
		};
		379548572CDCD44D00009201 /* Frameworks */ = {
			isa = PBXFrameworksBuildPhase;
			buildActionMask = 2147483647;
			files = (
			);
			runOnlyForDeploymentPostprocessing = 0;
		};
/* End PBXFrameworksBuildPhase section */

/* Begin PBXGroup section */
		379548372CDCD44B00009201 = {
			isa = PBXGroup;
			children = (
				379548422CDCD44B00009201 /* MovieSearchCombineSwiftUI */,
				379548532CDCD44D00009201 /* MovieSearchCombineSwiftUITests */,
				3795485D2CDCD44D00009201 /* MovieSearchCombineSwiftUIUITests */,
				379548412CDCD44B00009201 /* Products */,
			);
			sourceTree = "<group>";
		};
		379548412CDCD44B00009201 /* Products */ = {
			isa = PBXGroup;
			children = (
				379548402CDCD44B00009201 /* MovieSearchCombineSwiftUI.app */,
				379548502CDCD44D00009201 /* MovieSearchCombineSwiftUITests.xctest */,
				3795485A2CDCD44D00009201 /* MovieSearchCombineSwiftUIUITests.xctest */,
			);
			name = Products;
			sourceTree = "<group>";
		};
		379548422CDCD44B00009201 /* MovieSearchCombineSwiftUI */ = {
			isa = PBXGroup;
			children = (
				379548432CDCD44B00009201 /* MovieSearchCombineSwiftUIApp.swift */,
				379548452CDCD44B00009201 /* ContentView.swift */,
				379548702CDCD51100009201 /* Network */,
				3795486D2CDCD4D600009201 /* Model */,
				379548472CDCD44D00009201 /* Assets.xcassets */,
				379548492CDCD44D00009201 /* Preview Content */,
				379548752CDCD88E00009201 /* MovieDetailView.swift */,
			);
			path = MovieSearchCombineSwiftUI;
			sourceTree = "<group>";
		};
		379548492CDCD44D00009201 /* Preview Content */ = {
			isa = PBXGroup;
			children = (
				3795484A2CDCD44D00009201 /* Preview Assets.xcassets */,
			);
			path = "Preview Content";
			sourceTree = "<group>";
		};
		379548532CDCD44D00009201 /* MovieSearchCombineSwiftUITests */ = {
			isa = PBXGroup;
			children = (
				379548542CDCD44D00009201 /* MovieSearchCombineSwiftUITests.swift */,
			);
			path = MovieSearchCombineSwiftUITests;
			sourceTree = "<group>";
		};
		3795485D2CDCD44D00009201 /* MovieSearchCombineSwiftUIUITests */ = {
			isa = PBXGroup;
			children = (
				3795485E2CDCD44D00009201 /* MovieSearchCombineSwiftUIUITests.swift */,
				379548602CDCD44D00009201 /* MovieSearchCombineSwiftUIUITestsLaunchTests.swift */,
			);
			path = MovieSearchCombineSwiftUIUITests;
			sourceTree = "<group>";
		};
		3795486D2CDCD4D600009201 /* Model */ = {
			isa = PBXGroup;
			children = (
				3795486E2CDCD4E300009201 /* MovieModel.swift */,
				379548732CDCD76400009201 /* MovieSearchViewModel.swift */,
			);
			path = Model;
			sourceTree = "<group>";
		};
		379548702CDCD51100009201 /* Network */ = {
			isa = PBXGroup;
			children = (
				379548712CDCD51800009201 /* NetworkManager.swift */,
			);
			path = Network;
			sourceTree = "<group>";
		};
/* End PBXGroup section */

/* Begin PBXNativeTarget section */
		3795483F2CDCD44B00009201 /* MovieSearchCombineSwiftUI */ = {
			isa = PBXNativeTarget;
			buildConfigurationList = 379548642CDCD44D00009201 /* Build configuration list for PBXNativeTarget "MovieSearchCombineSwiftUI" */;
			buildPhases = (
				3795483C2CDCD44B00009201 /* Sources */,
				3795483D2CDCD44B00009201 /* Frameworks */,
				3795483E2CDCD44B00009201 /* Resources */,
			);
			buildRules = (
			);
			dependencies = (
			);
			name = MovieSearchCombineSwiftUI;
			productName = MovieSearchCombineSwiftUI;
			productReference = 379548402CDCD44B00009201 /* MovieSearchCombineSwiftUI.app */;
			productType = "com.apple.product-type.application";
		};
		3795484F2CDCD44D00009201 /* MovieSearchCombineSwiftUITests */ = {
			isa = PBXNativeTarget;
			buildConfigurationList = 379548672CDCD44D00009201 /* Build configuration list for PBXNativeTarget "MovieSearchCombineSwiftUITests" */;
			buildPhases = (
				3795484C2CDCD44D00009201 /* Sources */,
				3795484D2CDCD44D00009201 /* Frameworks */,
				3795484E2CDCD44D00009201 /* Resources */,
			);
			buildRules = (
			);
			dependencies = (
				379548522CDCD44D00009201 /* PBXTargetDependency */,
			);
			name = MovieSearchCombineSwiftUITests;
			productName = MovieSearchCombineSwiftUITests;
			productReference = 379548502CDCD44D00009201 /* MovieSearchCombineSwiftUITests.xctest */;
			productType = "com.apple.product-type.bundle.unit-test";
		};
		379548592CDCD44D00009201 /* MovieSearchCombineSwiftUIUITests */ = {
			isa = PBXNativeTarget;
			buildConfigurationList = 3795486A2CDCD44D00009201 /* Build configuration list for PBXNativeTarget "MovieSearchCombineSwiftUIUITests" */;
			buildPhases = (
				379548562CDCD44D00009201 /* Sources */,
				379548572CDCD44D00009201 /* Frameworks */,
				379548582CDCD44D00009201 /* Resources */,
			);
			buildRules = (
			);
			dependencies = (
				3795485C2CDCD44D00009201 /* PBXTargetDependency */,
			);
			name = MovieSearchCombineSwiftUIUITests;
			productName = MovieSearchCombineSwiftUIUITests;
			productReference = 3795485A2CDCD44D00009201 /* MovieSearchCombineSwiftUIUITests.xctest */;
			productType = "com.apple.product-type.bundle.ui-testing";
		};
/* End PBXNativeTarget section */

/* Begin PBXProject section */
		379548382CDCD44B00009201 /* Project object */ = {
			isa = PBXProject;
			attributes = {
				BuildIndependentTargetsInParallel = 1;
				LastSwiftUpdateCheck = 1540;
				LastUpgradeCheck = 1540;
				TargetAttributes = {
					3795483F2CDCD44B00009201 = {
						CreatedOnToolsVersion = 15.4;
					};
					3795484F2CDCD44D00009201 = {
						CreatedOnToolsVersion = 15.4;
						TestTargetID = 3795483F2CDCD44B00009201;
					};
					379548592CDCD44D00009201 = {
						CreatedOnToolsVersion = 15.4;
						TestTargetID = 3795483F2CDCD44B00009201;
					};
				};
			};
			buildConfigurationList = 3795483B2CDCD44B00009201 /* Build configuration list for PBXProject "MovieSearchCombineSwiftUI" */;
			compatibilityVersion = "Xcode 14.0";
			developmentRegion = en;
			hasScannedForEncodings = 0;
			knownRegions = (
				en,
				Base,
			);
			mainGroup = 379548372CDCD44B00009201;
			productRefGroup = 379548412CDCD44B00009201 /* Products */;
			projectDirPath = "";
			projectRoot = "";
			targets = (
				3795483F2CDCD44B00009201 /* MovieSearchCombineSwiftUI */,
				3795484F2CDCD44D00009201 /* MovieSearchCombineSwiftUITests */,
				379548592CDCD44D00009201 /* MovieSearchCombineSwiftUIUITests */,
			);
		};
/* End PBXProject section */

/* Begin PBXResourcesBuildPhase section */
		3795483E2CDCD44B00009201 /* Resources */ = {
			isa = PBXResourcesBuildPhase;
			buildActionMask = 2147483647;
			files = (
				3795484B2CDCD44D00009201 /* Preview Assets.xcassets in Resources */,
				379548482CDCD44D00009201 /* Assets.xcassets in Resources */,
			);
			runOnlyForDeploymentPostprocessing = 0;
		};
		3795484E2CDCD44D00009201 /* Resources */ = {
			isa = PBXResourcesBuildPhase;
			buildActionMask = 2147483647;
			files = (
			);
			runOnlyForDeploymentPostprocessing = 0;
		};
		379548582CDCD44D00009201 /* Resources */ = {
			isa = PBXResourcesBuildPhase;
			buildActionMask = 2147483647;
			files = (
			);
			runOnlyForDeploymentPostprocessing = 0;
		};
/* End PBXResourcesBuildPhase section */

/* Begin PBXSourcesBuildPhase section */
		3795483C2CDCD44B00009201 /* Sources */ = {
			isa = PBXSourcesBuildPhase;
			buildActionMask = 2147483647;
			files = (
				379548762CDCD88E00009201 /* MovieDetailView.swift in Sources */,
				379548742CDCD76400009201 /* MovieSearchViewModel.swift in Sources */,
				379548722CDCD51800009201 /* NetworkManager.swift in Sources */,
				3795486F2CDCD4E300009201 /* MovieModel.swift in Sources */,
				379548462CDCD44B00009201 /* ContentView.swift in Sources */,
				379548442CDCD44B00009201 /* MovieSearchCombineSwiftUIApp.swift in Sources */,
			);
			runOnlyForDeploymentPostprocessing = 0;
		};
		3795484C2CDCD44D00009201 /* Sources */ = {
			isa = PBXSourcesBuildPhase;
			buildActionMask = 2147483647;
			files = (
				379548552CDCD44D00009201 /* MovieSearchCombineSwiftUITests.swift in Sources */,
			);
			runOnlyForDeploymentPostprocessing = 0;
		};
		379548562CDCD44D00009201 /* Sources */ = {
			isa = PBXSourcesBuildPhase;
			buildActionMask = 2147483647;
			files = (
				3795485F2CDCD44D00009201 /* MovieSearchCombineSwiftUIUITests.swift in Sources */,
				379548612CDCD44D00009201 /* MovieSearchCombineSwiftUIUITestsLaunchTests.swift in Sources */,
			);
			runOnlyForDeploymentPostprocessing = 0;
		};
/* End PBXSourcesBuildPhase section */

/* Begin PBXTargetDependency section */
		379548522CDCD44D00009201 /* PBXTargetDependency */ = {
			isa = PBXTargetDependency;
			target = 3795483F2CDCD44B00009201 /* MovieSearchCombineSwiftUI */;
			targetProxy = 379548512CDCD44D00009201 /* PBXContainerItemProxy */;
		};
		3795485C2CDCD44D00009201 /* PBXTargetDependency */ = {
			isa = PBXTargetDependency;
			target = 3795483F2CDCD44B00009201 /* MovieSearchCombineSwiftUI */;
			targetProxy = 3795485B2CDCD44D00009201 /* PBXContainerItemProxy */;
		};
/* End PBXTargetDependency section */

/* Begin XCBuildConfiguration section */
		379548622CDCD44D00009201 /* Debug */ = {
			isa = XCBuildConfiguration;
			buildSettings = {
				ALWAYS_SEARCH_USER_PATHS = NO;
				ASSETCATALOG_COMPILER_GENERATE_SWIFT_ASSET_SYMBOL_EXTENSIONS = YES;
				CLANG_ANALYZER_NONNULL = YES;
				CLANG_ANALYZER_NUMBER_OBJECT_CONVERSION = YES_AGGRESSIVE;
				CLANG_CXX_LANGUAGE_STANDARD = "gnu++20";
				CLANG_ENABLE_MODULES = YES;
				CLANG_ENABLE_OBJC_ARC = YES;
				CLANG_ENABLE_OBJC_WEAK = YES;
				CLANG_WARN_BLOCK_CAPTURE_AUTORELEASING = YES;
				CLANG_WARN_BOOL_CONVERSION = YES;
				CLANG_WARN_COMMA = YES;
				CLANG_WARN_CONSTANT_CONVERSION = YES;
				CLANG_WARN_DEPRECATED_OBJC_IMPLEMENTATIONS = YES;
				CLANG_WARN_DIRECT_OBJC_ISA_USAGE = YES_ERROR;
				CLANG_WARN_DOCUMENTATION_COMMENTS = YES;
				CLANG_WARN_EMPTY_BODY = YES;
				CLANG_WARN_ENUM_CONVERSION = YES;
				CLANG_WARN_INFINITE_RECURSION = YES;
				CLANG_WARN_INT_CONVERSION = YES;
				CLANG_WARN_NON_LITERAL_NULL_CONVERSION = YES;
				CLANG_WARN_OBJC_IMPLICIT_RETAIN_SELF = YES;
				CLANG_WARN_OBJC_LITERAL_CONVERSION = YES;
				CLANG_WARN_OBJC_ROOT_CLASS = YES_ERROR;
				CLANG_WARN_QUOTED_INCLUDE_IN_FRAMEWORK_HEADER = YES;
				CLANG_WARN_RANGE_LOOP_ANALYSIS = YES;
				CLANG_WARN_STRICT_PROTOTYPES = YES;
				CLANG_WARN_SUSPICIOUS_MOVE = YES;
				CLANG_WARN_UNGUARDED_AVAILABILITY = YES_AGGRESSIVE;
				CLANG_WARN_UNREACHABLE_CODE = YES;
				CLANG_WARN__DUPLICATE_METHOD_MATCH = YES;
				COPY_PHASE_STRIP = NO;
				DEBUG_INFORMATION_FORMAT = dwarf;
				ENABLE_STRICT_OBJC_MSGSEND = YES;
				ENABLE_TESTABILITY = YES;
				ENABLE_USER_SCRIPT_SANDBOXING = YES;
				GCC_C_LANGUAGE_STANDARD = gnu17;
				GCC_DYNAMIC_NO_PIC = NO;
				GCC_NO_COMMON_BLOCKS = YES;
				GCC_OPTIMIZATION_LEVEL = 0;
				GCC_PREPROCESSOR_DEFINITIONS = (
					"DEBUG=1",
					"$(inherited)",
				);
				GCC_WARN_64_TO_32_BIT_CONVERSION = YES;
				GCC_WARN_ABOUT_RETURN_TYPE = YES_ERROR;
				GCC_WARN_UNDECLARED_SELECTOR = YES;
				GCC_WARN_UNINITIALIZED_AUTOS = YES_AGGRESSIVE;
				GCC_WARN_UNUSED_FUNCTION = YES;
				GCC_WARN_UNUSED_VARIABLE = YES;
				IPHONEOS_DEPLOYMENT_TARGET = 17.5;
				LOCALIZATION_PREFERS_STRING_CATALOGS = YES;
				MTL_ENABLE_DEBUG_INFO = INCLUDE_SOURCE;
				MTL_FAST_MATH = YES;
				ONLY_ACTIVE_ARCH = YES;
				SDKROOT = iphoneos;
				SWIFT_ACTIVE_COMPILATION_CONDITIONS = "DEBUG $(inherited)";
				SWIFT_OPTIMIZATION_LEVEL = "-Onone";
			};
			name = Debug;
		};
		379548632CDCD44D00009201 /* Release */ = {
			isa = XCBuildConfiguration;
			buildSettings = {
				ALWAYS_SEARCH_USER_PATHS = NO;
				ASSETCATALOG_COMPILER_GENERATE_SWIFT_ASSET_SYMBOL_EXTENSIONS = YES;
				CLANG_ANALYZER_NONNULL = YES;
				CLANG_ANALYZER_NUMBER_OBJECT_CONVERSION = YES_AGGRESSIVE;
				CLANG_CXX_LANGUAGE_STANDARD = "gnu++20";
				CLANG_ENABLE_MODULES = YES;
				CLANG_ENABLE_OBJC_ARC = YES;
				CLANG_ENABLE_OBJC_WEAK = YES;
				CLANG_WARN_BLOCK_CAPTURE_AUTORELEASING = YES;
				CLANG_WARN_BOOL_CONVERSION = YES;
				CLANG_WARN_COMMA = YES;
				CLANG_WARN_CONSTANT_CONVERSION = YES;
				CLANG_WARN_DEPRECATED_OBJC_IMPLEMENTATIONS = YES;
				CLANG_WARN_DIRECT_OBJC_ISA_USAGE = YES_ERROR;
				CLANG_WARN_DOCUMENTATION_COMMENTS = YES;
				CLANG_WARN_EMPTY_BODY = YES;
				CLANG_WARN_ENUM_CONVERSION = YES;
				CLANG_WARN_INFINITE_RECURSION = YES;
				CLANG_WARN_INT_CONVERSION = YES;
				CLANG_WARN_NON_LITERAL_NULL_CONVERSION = YES;
				CLANG_WARN_OBJC_IMPLICIT_RETAIN_SELF = YES;
				CLANG_WARN_OBJC_LITERAL_CONVERSION = YES;
				CLANG_WARN_OBJC_ROOT_CLASS = YES_ERROR;
				CLANG_WARN_QUOTED_INCLUDE_IN_FRAMEWORK_HEADER = YES;
				CLANG_WARN_RANGE_LOOP_ANALYSIS = YES;
				CLANG_WARN_STRICT_PROTOTYPES = YES;
				CLANG_WARN_SUSPICIOUS_MOVE = YES;
				CLANG_WARN_UNGUARDED_AVAILABILITY = YES_AGGRESSIVE;
				CLANG_WARN_UNREACHABLE_CODE = YES;
				CLANG_WARN__DUPLICATE_METHOD_MATCH = YES;
				COPY_PHASE_STRIP = NO;
				DEBUG_INFORMATION_FORMAT = "dwarf-with-dsym";
				ENABLE_NS_ASSERTIONS = NO;
				ENABLE_STRICT_OBJC_MSGSEND = YES;
				ENABLE_USER_SCRIPT_SANDBOXING = YES;
				GCC_C_LANGUAGE_STANDARD = gnu17;
				GCC_NO_COMMON_BLOCKS = YES;
				GCC_WARN_64_TO_32_BIT_CONVERSION = YES;
				GCC_WARN_ABOUT_RETURN_TYPE = YES_ERROR;
				GCC_WARN_UNDECLARED_SELECTOR = YES;
				GCC_WARN_UNINITIALIZED_AUTOS = YES_AGGRESSIVE;
				GCC_WARN_UNUSED_FUNCTION = YES;
				GCC_WARN_UNUSED_VARIABLE = YES;
				IPHONEOS_DEPLOYMENT_TARGET = 17.5;
				LOCALIZATION_PREFERS_STRING_CATALOGS = YES;
				MTL_ENABLE_DEBUG_INFO = NO;
				MTL_FAST_MATH = YES;
				SDKROOT = iphoneos;
				SWIFT_COMPILATION_MODE = wholemodule;
				VALIDATE_PRODUCT = YES;
			};
			name = Release;
		};
		379548652CDCD44D00009201 /* Debug */ = {
			isa = XCBuildConfiguration;
			buildSettings = {
				ASSETCATALOG_COMPILER_APPICON_NAME = AppIcon;
				ASSETCATALOG_COMPILER_GLOBAL_ACCENT_COLOR_NAME = AccentColor;
				CODE_SIGN_STYLE = Automatic;
				CURRENT_PROJECT_VERSION = 1;
				DEVELOPMENT_ASSET_PATHS = "\"MovieSearchCombineSwiftUI/Preview Content\"";
				DEVELOPMENT_TEAM = R5TG4869KS;
				ENABLE_PREVIEWS = YES;
				GENERATE_INFOPLIST_FILE = YES;
				INFOPLIST_KEY_UIApplicationSceneManifest_Generation = YES;
				INFOPLIST_KEY_UIApplicationSupportsIndirectInputEvents = YES;
				INFOPLIST_KEY_UILaunchScreen_Generation = YES;
				INFOPLIST_KEY_UISupportedInterfaceOrientations_iPad = "UIInterfaceOrientationPortrait UIInterfaceOrientationPortraitUpsideDown UIInterfaceOrientationLandscapeLeft UIInterfaceOrientationLandscapeRight";
				INFOPLIST_KEY_UISupportedInterfaceOrientations_iPhone = "UIInterfaceOrientationPortrait UIInterfaceOrientationLandscapeLeft UIInterfaceOrientationLandscapeRight";
				IPHONEOS_DEPLOYMENT_TARGET = 15.0;
				LD_RUNPATH_SEARCH_PATHS = (
					"$(inherited)",
					"@executable_path/Frameworks",
				);
				MARKETING_VERSION = 1.0;
				PRODUCT_BUNDLE_IDENTIFIER = com.MovieSearchCombineSwiftUI;
				PRODUCT_NAME = "$(TARGET_NAME)";
				SWIFT_EMIT_LOC_STRINGS = YES;
				SWIFT_VERSION = 5.0;
				TARGETED_DEVICE_FAMILY = "1,2";
			};
			name = Debug;
		};
		379548662CDCD44D00009201 /* Release */ = {
			isa = XCBuildConfiguration;
			buildSettings = {
				ASSETCATALOG_COMPILER_APPICON_NAME = AppIcon;
				ASSETCATALOG_COMPILER_GLOBAL_ACCENT_COLOR_NAME = AccentColor;
				CODE_SIGN_STYLE = Automatic;
				CURRENT_PROJECT_VERSION = 1;
				DEVELOPMENT_ASSET_PATHS = "\"MovieSearchCombineSwiftUI/Preview Content\"";
				DEVELOPMENT_TEAM = R5TG4869KS;
				ENABLE_PREVIEWS = YES;
				GENERATE_INFOPLIST_FILE = YES;
				INFOPLIST_KEY_UIApplicationSceneManifest_Generation = YES;
				INFOPLIST_KEY_UIApplicationSupportsIndirectInputEvents = YES;
				INFOPLIST_KEY_UILaunchScreen_Generation = YES;
				INFOPLIST_KEY_UISupportedInterfaceOrientations_iPad = "UIInterfaceOrientationPortrait UIInterfaceOrientationPortraitUpsideDown UIInterfaceOrientationLandscapeLeft UIInterfaceOrientationLandscapeRight";
				INFOPLIST_KEY_UISupportedInterfaceOrientations_iPhone = "UIInterfaceOrientationPortrait UIInterfaceOrientationLandscapeLeft UIInterfaceOrientationLandscapeRight";
				IPHONEOS_DEPLOYMENT_TARGET = 15.0;
				LD_RUNPATH_SEARCH_PATHS = (
					"$(inherited)",
					"@executable_path/Frameworks",
				);
				MARKETING_VERSION = 1.0;
				PRODUCT_BUNDLE_IDENTIFIER = com.MovieSearchCombineSwiftUI;
				PRODUCT_NAME = "$(TARGET_NAME)";
				SWIFT_EMIT_LOC_STRINGS = YES;
				SWIFT_VERSION = 5.0;
				TARGETED_DEVICE_FAMILY = "1,2";
			};
			name = Release;
		};
		379548682CDCD44D00009201 /* Debug */ = {
			isa = XCBuildConfiguration;
			buildSettings = {
				ALWAYS_EMBED_SWIFT_STANDARD_LIBRARIES = YES;
				BUNDLE_LOADER = "$(TEST_HOST)";
				CODE_SIGN_STYLE = Automatic;
				CURRENT_PROJECT_VERSION = 1;
				DEVELOPMENT_TEAM = R5TG4869KS;
				GENERATE_INFOPLIST_FILE = YES;
				IPHONEOS_DEPLOYMENT_TARGET = 17.5;
				MARKETING_VERSION = 1.0;
				PRODUCT_BUNDLE_IDENTIFIER = com.MovieSearchCombineSwiftUITests;
				PRODUCT_NAME = "$(TARGET_NAME)";
				SWIFT_EMIT_LOC_STRINGS = NO;
				SWIFT_VERSION = 5.0;
				TARGETED_DEVICE_FAMILY = "1,2";
				TEST_HOST = "$(BUILT_PRODUCTS_DIR)/MovieSearchCombineSwiftUI.app/$(BUNDLE_EXECUTABLE_FOLDER_PATH)/MovieSearchCombineSwiftUI";
			};
			name = Debug;
		};
		379548692CDCD44D00009201 /* Release */ = {
			isa = XCBuildConfiguration;
			buildSettings = {
				ALWAYS_EMBED_SWIFT_STANDARD_LIBRARIES = YES;
				BUNDLE_LOADER = "$(TEST_HOST)";
				CODE_SIGN_STYLE = Automatic;
				CURRENT_PROJECT_VERSION = 1;
				DEVELOPMENT_TEAM = R5TG4869KS;
				GENERATE_INFOPLIST_FILE = YES;
				IPHONEOS_DEPLOYMENT_TARGET = 17.5;
				MARKETING_VERSION = 1.0;
				PRODUCT_BUNDLE_IDENTIFIER = com.MovieSearchCombineSwiftUITests;
				PRODUCT_NAME = "$(TARGET_NAME)";
				SWIFT_EMIT_LOC_STRINGS = NO;
				SWIFT_VERSION = 5.0;
				TARGETED_DEVICE_FAMILY = "1,2";
				TEST_HOST = "$(BUILT_PRODUCTS_DIR)/MovieSearchCombineSwiftUI.app/$(BUNDLE_EXECUTABLE_FOLDER_PATH)/MovieSearchCombineSwiftUI";
			};
			name = Release;
		};
		3795486B2CDCD44D00009201 /* Debug */ = {
			isa = XCBuildConfiguration;
			buildSettings = {
				ALWAYS_EMBED_SWIFT_STANDARD_LIBRARIES = YES;
				CODE_SIGN_STYLE = Automatic;
				CURRENT_PROJECT_VERSION = 1;
				DEVELOPMENT_TEAM = R5TG4869KS;
				GENERATE_INFOPLIST_FILE = YES;
				MARKETING_VERSION = 1.0;
				PRODUCT_BUNDLE_IDENTIFIER = com.MovieSearchCombineSwiftUIUITests;
				PRODUCT_NAME = "$(TARGET_NAME)";
				SWIFT_EMIT_LOC_STRINGS = NO;
				SWIFT_VERSION = 5.0;
				TARGETED_DEVICE_FAMILY = "1,2";
				TEST_TARGET_NAME = MovieSearchCombineSwiftUI;
			};
			name = Debug;
		};
		3795486C2CDCD44D00009201 /* Release */ = {
			isa = XCBuildConfiguration;
			buildSettings = {
				ALWAYS_EMBED_SWIFT_STANDARD_LIBRARIES = YES;
				CODE_SIGN_STYLE = Automatic;
				CURRENT_PROJECT_VERSION = 1;
				DEVELOPMENT_TEAM = R5TG4869KS;
				GENERATE_INFOPLIST_FILE = YES;
				MARKETING_VERSION = 1.0;
				PRODUCT_BUNDLE_IDENTIFIER = com.MovieSearchCombineSwiftUIUITests;
				PRODUCT_NAME = "$(TARGET_NAME)";
				SWIFT_EMIT_LOC_STRINGS = NO;
				SWIFT_VERSION = 5.0;
				TARGETED_DEVICE_FAMILY = "1,2";
				TEST_TARGET_NAME = MovieSearchCombineSwiftUI;
			};
			name = Release;
		};
/* End XCBuildConfiguration section */

/* Begin XCConfigurationList section */
		3795483B2CDCD44B00009201 /* Build configuration list for PBXProject "MovieSearchCombineSwiftUI" */ = {
			isa = XCConfigurationList;
			buildConfigurations = (
				379548622CDCD44D00009201 /* Debug */,
				379548632CDCD44D00009201 /* Release */,
			);
			defaultConfigurationIsVisible = 0;
			defaultConfigurationName = Release;
		};
		379548642CDCD44D00009201 /* Build configuration list for PBXNativeTarget "MovieSearchCombineSwiftUI" */ = {
			isa = XCConfigurationList;
			buildConfigurations = (
				379548652CDCD44D00009201 /* Debug */,
				379548662CDCD44D00009201 /* Release */,
			);
			defaultConfigurationIsVisible = 0;
			defaultConfigurationName = Release;
		};
		379548672CDCD44D00009201 /* Build configuration list for PBXNativeTarget "MovieSearchCombineSwiftUITests" */ = {
			isa = XCConfigurationList;
			buildConfigurations = (
				379548682CDCD44D00009201 /* Debug */,
				379548692CDCD44D00009201 /* Release */,
			);
			defaultConfigurationIsVisible = 0;
			defaultConfigurationName = Release;
		};
		3795486A2CDCD44D00009201 /* Build configuration list for PBXNativeTarget "MovieSearchCombineSwiftUIUITests" */ = {
			isa = XCConfigurationList;
			buildConfigurations = (
				3795486B2CDCD44D00009201 /* Debug */,
				3795486C2CDCD44D00009201 /* Release */,
			);
			defaultConfigurationIsVisible = 0;
			defaultConfigurationName = Release;
		};
/* End XCConfigurationList section */
	};
	rootObject = 379548382CDCD44B00009201 /* Project object */;
}
